
Microsoft Visual Studio Solution File, Format Version 12.00
# Visual Studio Version 17
VisualStudioVersion = 17.2.32602.215
MinimumVisualStudioVersion = 10.0.40219.1
Project("{FAE04EC0-301F-11D3-BF4B-00C04F79EFBC}") = "HashTables", "HashTables\HashTables.csproj", "{1D16BBDC-8A8A-499D-9331-EED6629FA26F}"
EndProject
Global
	GlobalSection(SolutionConfigurationPlatforms) = preSolution
		Debug|Any CPU = Debug|Any CPU
		Release|Any CPU = Release|Any CPU
	EndGlobalSection
	GlobalSection(ProjectConfigurationPlatforms) = postSolution
		{1D16BBDC-8A8A-499D-9331-EED6629FA26F}.Debug|Any CPU.ActiveCfg = Debug|Any CPU
		{1D16BBDC-8A8A-499D-9331-EED6629FA26F}.Debug|Any CPU.Build.0 = Debug|Any CPU
		{1D16BBDC-8A8A-499D-9331-EED6629FA26F}.Release|Any CPU.ActiveCfg = Release|Any CPU
		{1D16BBDC-8A8A-499D-9331-EED6629FA26F}.Release|Any CPU.Build.0 = Release|Any CPU
	EndGlobalSection
	GlobalSection(SolutionProperties) = preSolution
		HideSolutionNode = FALSE
	EndGlobalSection
	GlobalSection(ExtensibilityGlobals) = postSolution
		SolutionGuid = {5A44001E-6C04-4301-AEA1-CFE2E3F5EFFD}
	EndGlobalSection
EndGlobal
